github.com/golang-jwt/jwt/v5 v5.2.0 h1:d/ix8ftRUorsN+5eMI+lF4ziibXFXRv1LrwNoTYB1c=
github.com/golang-jwt/jwt/v5 v5.2.0/go.mod h1:pqrtFR0X4osieyHYxtmOUWsAWrfe1Q5UVIyoH402zdk=
github.com/google/uuid v1.6.0 h1:NIvaJDMOsjHA8n1jAhLSgzrAzy1Hgr+hNrb57e+94F0=
github.com/google/uuid v1.6.0/go.mod h1:TIyPZe4MgqvfeYDBFedMoGGpEw/LqOeaOT+nhxU+yHo=
github.com/gorilla/mux v1.8.1 h1:TuBL49tXwgrFYWhqrNgrUNEY92u81SPhu7sTdzQEiWY=
github.com/gorilla/mux v1.8.1/go.mod h1:AKf9I4AEqPTmMytcMc0KkNouC66V3BtZ4qD5fmWSiMQ=
github.com/gorilla/websocket v1.5.1 h1:gmztn0JnHVt9JZquRuzLw3g4wouNVzKL15iLr/zn/QY=
github.com/gorilla/websocket v1.5.1/go.mod h1:x3k+mXJEP8/3O8nP2ZU4rC3L8m6S/g0x3jOeE8R0cE4=
github.com/jackc/pgpassfile v1.0.0 h1:/6Hmqy13Ss2zCq62VdNG8tM1wchn8zj5fiK8lN3k4k=
github.com/jackc/pgpassfile v1.0.0/go.mod h1:CEx/+iXE8LRwgrR7pPjx8xDkVkj7rTlD7q7oU7k7jV6c=
github.com/jackc/pgservicefile v0.0.0-20231201235250-de7065d80cb9 h1:LmMuAYQqzdG4YQjNaFENz1f6a8X0nmE8B9d46RPOQ2c=
github.com/jackc/pgservicefile v0.0.0-20231201235250-de7065d80cb9/go.mod h1:5TJZWKEWniPve33vlWYSoGYefn3gLQRzjfDlhSJ9ZKM=
github.com/jackc/pgx/v5 v5.5.2 h1:iL+WQqC5uJc8q7ZP2qLWJKMq1bJLmEEJ+0L/R2tZx8Q=
github.com/jackc/pgx/v5 v5.5.2/go.mod h1:H9CKx4n7l8j7xSJgVnXxO3Q8eE0Q5Qf4mL3YqC2qZ3o=
github.com/jackc/puddle/v2 v2.2.1 h1:ghWW1r+F2Nj+6pRYrX+XCCW5K2mF6fXa3q0r8j8T2I=
github.com/jackc/puddle/v2 v2.2.1/go.mod h1:vriiEXHvEE654aYKXX9Ov+0cwTfO1JTx8wJ4Y0g6bA=
github.com/joho/godotenv v1.5.1 h1:7eLL/+HRGLY0ldzfGMeQkb7vMd0U4RLKuL1m8k6bA=
github.com/joho/godotenv v1.5.1/go.mod h1:f4LDr5Voq0i2dv/RWyXrLrL9+Lc0wW/TfJq7f4wM0dA=
golang.org/x/crypto v0.18.0 h1:PGVlW0xElt5nzD8C7T6b78K4Xg4EJP4sHq3eX4d5r6t=
golang.org/x/crypto v0.18.0/go.mod h1:YgDLC8tF2xZ1Yl4c0Xr9k6Q2v5y6zF2kJ3l4m5n6o7p=
golang.org/x/sync v0.6.0 h1:5BMeUDZ7vkXGfEr1x9B4bRcTH4lpkTkpdh0F/J33sL0=
golang.org/x/sync v0.6.0/go.mod h1:Czt+wKu1gZyEFCYnRA0/ZTl75Y4lZd8e9v4t1g5uX6c=
golang.org/x/text v0.14.0 h1:ScX5w1eTa3QqT8oi6+ziP7dTV1S2+ALU0bI+0zXKWiQ=
golang.org/x/text v0.14.0/go.mod h1:18ZOQIKpY8NJVqYksKHtTdi31H5itFRjB5/qKTNYzSU=
